// !$*UTF8*$!
{
	archiveVersion = 1;
	classes = {
	};
	objectVersion = 52;
	objects = {

/* Begin PBXBuildFile section */
		3B230EA425CCF06500485825 /* weatherApp.swift in Sources */ = {isa = PBXBuildFile; fileRef = 3B230EA325CCF06500485825 /* weatherApp.swift */; };
		3B230EA625CCF06500485825 /* ContentView.swift in Sources */ = {isa = PBXBuildFile; fileRef = 3B230EA525CCF06500485825 /* ContentView.swift */; };
		3B230EA825CCF06700485825 /* Assets.xcassets in Resources */ = {isa = PBXBuildFile; fileRef = 3B230EA725CCF06700485825 /* Assets.xcassets */; };
		3B230EAB25CCF06700485825 /* Preview Assets.xcassets in Resources */ = {isa = PBXBuildFile; fileRef = 3B230EAA25CCF06700485825 /* Preview Assets.xcassets */; };
		3B230EB625CCF06700485825 /* weatherTests.swift in Sources */ = {isa = PBXBuildFile; fileRef = 3B230EB525CCF06700485825 /* weatherTests.swift */; };
		3B230EC125CCF06700485825 /* weatherUITests.swift in Sources */ = {isa = PBXBuildFile; fileRef = 3B230EC025CCF06700485825 /* weatherUITests.swift */; };
		3B230ED325CCF61700485825 /* SwiftyJSON in Frameworks */ = {isa = PBXBuildFile; productRef = 3B230ED225CCF61700485825 /* SwiftyJSON */; };
		3B230ED925CCF88000485825 /* SDWebImageSwiftUI in Frameworks */ = {isa = PBXBuildFile; productRef = 3B230ED825CCF88000485825 /* SDWebImageSwiftUI */; };
		3B230EE225CCF8D100485825 /* News.swift in Sources */ = {isa = PBXBuildFile; fileRef = 3B230EE125CCF8D100485825 /* News.swift */; };
		3B230EE825CCFA1300485825 /* NewsApi.swift in Sources */ = {isa = PBXBuildFile; fileRef = 3B230EE725CCFA1300485825 /* NewsApi.swift */; };
/* End PBXBuildFile section */

/* Begin PBXContainerItemProxy section */
		3B230EB225CCF06700485825 /* PBXContainerItemProxy */ = {
			isa = PBXContainerItemProxy;
			containerPortal = 3B230E9825CCF06500485825 /* Project object */;
			proxyType = 1;
			remoteGlobalIDString = 3B230E9F25CCF06500485825;
			remoteInfo = weather;
		};
		3B230EBD25CCF06700485825 /* PBXContainerItemProxy */ = {
			isa = PBXContainerItemProxy;
			containerPortal = 3B230E9825CCF06500485825 /* Project object */;
			proxyType = 1;
			remoteGlobalIDString = 3B230E9F25CCF06500485825;
			remoteInfo = weather;
		};
/* End PBXContainerItemProxy section */

/* Begin PBXFileReference section */
		3B230EA025CCF06500485825 /* weather.app */ = {isa = PBXFileReference; explicitFileType = wrapper.application; includeInIndex = 0; path = weather.app; sourceTree = BUILT_PRODUCTS_DIR; };
		3B230EA325CCF06500485825 /* weatherApp.swift */ = {isa = PBXFileReference; lastKnownFileType = sourcecode.swift; path = weatherApp.swift; sourceTree = "<group>"; };
		3B230EA525CCF06500485825 /* ContentView.swift */ = {isa = PBXFileReference; lastKnownFileType = sourcecode.swift; path = ContentView.swift; sourceTree = "<group>"; };
		3B230EA725CCF06700485825 /* Assets.xcassets */ = {isa = PBXFileReference; lastKnownFileType = folder.assetcatalog; path = Assets.xcassets; sourceTree = "<group>"; };
		3B230EAA25CCF06700485825 /* Preview Assets.xcassets */ = {isa = PBXFileReference; lastKnownFileType = folder.assetcatalog; path = "Preview Assets.xcassets"; sourceTree = "<group>"; };
		3B230EAC25CCF06700485825 /* Info.plist */ = {isa = PBXFileReference; lastKnownFileType = text.plist.xml; path = Info.plist; sourceTree = "<group>"; };
		3B230EB125CCF06700485825 /* weatherTests.xctest */ = {isa = PBXFileReference; explicitFileType = wrapper.cfbundle; includeInIndex = 0; path = weatherTests.xctest; sourceTree = BUILT_PRODUCTS_DIR; };
		3B230EB525CCF06700485825 /* weatherTests.swift */ = {isa = PBXFileReference; lastKnownFileType = sourcecode.swift; path = weatherTests.swift; sourceTree = "<group>"; };
		3B230EB725CCF06700485825 /* Info.plist */ = {isa = PBXFileReference; lastKnownFileType = text.plist.xml; path = Info.plist; sourceTree = "<group>"; };
		3B230EBC25CCF06700485825 /* weatherUITests.xctest */ = {isa = PBXFileReference; explicitFileType = wrapper.cfbundle; includeInIndex = 0; path = weatherUITests.xctest; sourceTree = BUILT_PRODUCTS_DIR; };
		3B230EC025CCF06700485825 /* weatherUITests.swift */ = {isa = PBXFileReference; lastKnownFileType = sourcecode.swift; path = weatherUITests.swift; sourceTree = "<group>"; };
		3B230EC225CCF06700485825 /* Info.plist */ = {isa = PBXFileReference; lastKnownFileType = text.plist.xml; path = Info.plist; sourceTree = "<group>"; };
		3B230EE125CCF8D100485825 /* News.swift */ = {isa = PBXFileReference; lastKnownFileType = sourcecode.swift; path = News.swift; sourceTree = "<group>"; };
		3B230EE725CCFA1300485825 /* NewsApi.swift */ = {isa = PBXFileReference; lastKnownFileType = sourcecode.swift; path = NewsApi.swift; sourceTree = "<group>"; };
/* End PBXFileReference section */

/* Begin PBXFrameworksBuildPhase section */
		3B230E9D25CCF06500485825 /* Frameworks */ = {
			isa = PBXFrameworksBuildPhase;
			buildActionMask = 2147483647;
			files = (
				3B230ED925CCF88000485825 /* SDWebImageSwiftUI in Frameworks */,
				3B230ED325CCF61700485825 /* SwiftyJSON in Frameworks */,
			);
			runOnlyForDeploymentPostprocessing = 0;
		};
		3B230EAE25CCF06700485825 /* Frameworks */ = {
			isa = PBXFrameworksBuildPhase;
			buildActionMask = 2147483647;
			files = (
			);
			runOnlyForDeploymentPostprocessing = 0;
		};
		3B230EB925CCF06700485825 /* Frameworks */ = {
			isa = PBXFrameworksBuildPhase;
			buildActionMask = 2147483647;
			files = (
			);
			runOnlyForDeploymentPostprocessing = 0;
		};
/* End PBXFrameworksBuildPhase section */

/* Begin PBXGroup section */
		3B230E9725CCF06500485825 = {
			isa = PBXGroup;
			children = (
				3B230EE625CCF9EC00485825 /* ViewModel */,
				3B230EDD25CCF88800485825 /* Model */,
				3B230EA225CCF06500485825 /* weather */,
				3B230EB425CCF06700485825 /* weatherTests */,
				3B230EBF25CCF06700485825 /* weatherUITests */,
				3B230EA125CCF06500485825 /* Products */,
			);
			sourceTree = "<group>";
		};
		3B230EA125CCF06500485825 /* Products */ = {
			isa = PBXGroup;
			children = (
				3B230EA025CCF06500485825 /* weather.app */,
				3B230EB125CCF06700485825 /* weatherTests.xctest */,
				3B230EBC25CCF06700485825 /* weatherUITests.xctest */,
			);
			name = Products;
			sourceTree = "<group>";
		};
		3B230EA225CCF06500485825 /* weather */ = {
			isa = PBXGroup;
			children = (
				3B230EA325CCF06500485825 /* weatherApp.swift */,
				3B230EA525CCF06500485825 /* ContentView.swift */,
				3B230EA725CCF06700485825 /* Assets.xcassets */,
				3B230EAC25CCF06700485825 /* Info.plist */,
				3B230EA925CCF06700485825 /* Preview Content */,
			);
			path = weather;
			sourceTree = "<group>";
		};
		3B230EA925CCF06700485825 /* Preview Content */ = {
			isa = PBXGroup;
			children = (
				3B230EAA25CCF06700485825 /* Preview Assets.xcassets */,
			);
			path = "Preview Content";
			sourceTree = "<group>";
		};
		3B230EB425CCF06700485825 /* weatherTests */ = {
			isa = PBXGroup;
			children = (
				3B230EB525CCF06700485825 /* weatherTests.swift */,
				3B230EB725CCF06700485825 /* Info.plist */,
			);
			path = weatherTests;
			sourceTree = "<group>";
		};
		3B230EBF25CCF06700485825 /* weatherUITests */ = {
			isa = PBXGroup;
			children = (
				3B230EC025CCF06700485825 /* weatherUITests.swift */,
				3B230EC225CCF06700485825 /* Info.plist */,
			);
			path = weatherUITests;
			sourceTree = "<group>";
		};
		3B230EDD25CCF88800485825 /* Model */ = {
			isa = PBXGroup;
			children = (
				3B230EE125CCF8D100485825 /* News.swift */,
			);
			path = Model;
			sourceTree = "<group>";
		};
		3B230EE625CCF9EC00485825 /* ViewModel */ = {
			isa = PBXGroup;
			children = (
				3B230EE725CCFA1300485825 /* NewsApi.swift */,
			);
			path = ViewModel;
			sourceTree = "<group>";
		};
/* End PBXGroup section */

/* Begin PBXNativeTarget section */
		3B230E9F25CCF06500485825 /* weather */ = {
			isa = PBXNativeTarget;
			buildConfigurationList = 3B230EC525CCF06700485825 /* Build configuration list for PBXNativeTarget "weather" */;
			buildPhases = (
				3B230E9C25CCF06500485825 /* Sources */,
				3B230E9D25CCF06500485825 /* Frameworks */,
				3B230E9E25CCF06500485825 /* Resources */,
			);
			buildRules = (
			);
			dependencies = (
			);
			name = weather;
			packageProductDependencies = (
				3B230ED225CCF61700485825 /* SwiftyJSON */,
				3B230ED825CCF88000485825 /* SDWebImageSwiftUI */,
			);
			productName = weather;
			productReference = 3B230EA025CCF06500485825 /* weather.app */;
			productType = "com.apple.product-type.application";
		};
		3B230EB025CCF06700485825 /* weatherTests */ = {
			isa = PBXNativeTarget;
			buildConfigurationList = 3B230EC825CCF06700485825 /* Build configuration list for PBXNativeTarget "weatherTests" */;
			buildPhases = (
				3B230EAD25CCF06700485825 /* Sources */,
				3B230EAE25CCF06700485825 /* Frameworks */,
				3B230EAF25CCF06700485825 /* Resources */,
			);
			buildRules = (
			);
			dependencies = (
				3B230EB325CCF06700485825 /* PBXTargetDependency */,
			);
			name = weatherTests;
			productName = weatherTests;
			productReference = 3B230EB125CCF06700485825 /* weatherTests.xctest */;
			productType = "com.apple.product-type.bundle.unit-test";
		};
		3B230EBB25CCF06700485825 /* weatherUITests */ = {
			isa = PBXNativeTarget;
			buildConfigurationList = 3B230ECB25CCF06700485825 /* Build configuration list for PBXNativeTarget "weatherUITests" */;
			buildPhases = (
				3B230EB825CCF06700485825 /* Sources */,
				3B230EB925CCF06700485825 /* Frameworks */,
				3B230EBA25CCF06700485825 /* Resources */,
			);
			buildRules = (
			);
			dependencies = (
				3B230EBE25CCF06700485825 /* PBXTargetDependency */,
			);
			name = weatherUITests;
			productName = weatherUITests;
			productReference = 3B230EBC25CCF06700485825 /* weatherUITests.xctest */;
			productType = "com.apple.product-type.bundle.ui-testing";
		};
/* End PBXNativeTarget section */

/* Begin PBXProject section */
		3B230E9825CCF06500485825 /* Project object */ = {
			isa = PBXProject;
			attributes = {
				LastSwiftUpdateCheck = 1230;
				LastUpgradeCheck = 1230;
				TargetAttributes = {
					3B230E9F25CCF06500485825 = {
						CreatedOnToolsVersion = 12.3;
					};
					3B230EB025CCF06700485825 = {
						CreatedOnToolsVersion = 12.3;
						TestTargetID = 3B230E9F25CCF06500485825;
					};
					3B230EBB25CCF06700485825 = {
						CreatedOnToolsVersion = 12.3;
						TestTargetID = 3B230E9F25CCF06500485825;
					};
				};
			};
			buildConfigurationList = 3B230E9B25CCF06500485825 /* Build configuration list for PBXProject "weather" */;
			compatibilityVersion = "Xcode 9.3";
			developmentRegion = en;
			hasScannedForEncodings = 0;
			knownRegions = (
				en,
				Base,
			);
			mainGroup = 3B230E9725CCF06500485825;
			packageReferences = (
				3B230ED125CCF61700485825 /* XCRemoteSwiftPackageReference "SwiftyJSON" */,
				3B230ED725CCF88000485825 /* XCRemoteSwiftPackageReference "SDWebImageSwiftUI" */,
			);
			productRefGroup = 3B230EA125CCF06500485825 /* Products */;
			projectDirPath = "";
			projectRoot = "";
			targets = (
				3B230E9F25CCF06500485825 /* weather */,
				3B230EB025CCF06700485825 /* weatherTests */,
				3B230EBB25CCF06700485825 /* weatherUITests */,
			);
		};
/* End PBXProject section */

/* Begin PBXResourcesBuildPhase section */
		3B230E9E25CCF06500485825 /* Resources */ = {
			isa = PBXResourcesBuildPhase;
			buildActionMask = 2147483647;
			files = (
				3B230EAB25CCF06700485825 /* Preview Assets.xcassets in Resources */,
				3B230EA825CCF06700485825 /* Assets.xcassets in Resources */,
			);
			runOnlyForDeploymentPostprocessing = 0;
		};
		3B230EAF25CCF06700485825 /* Resources */ = {
			isa = PBXResourcesBuildPhase;
			buildActionMask = 2147483647;
			files = (
			);
			runOnlyForDeploymentPostprocessing = 0;
		};
		3B230EBA25CCF06700485825 /* Resources */ = {
			isa = PBXResourcesBuildPhase;
			buildActionMask = 2147483647;
			files = (
			);
			runOnlyForDeploymentPostprocessing = 0;
		};
/* End PBXResourcesBuildPhase section */

/* Begin PBXSourcesBuildPhase section */
		3B230E9C25CCF06500485825 /* Sources */ = {
			isa = PBXSourcesBuildPhase;
			buildActionMask = 2147483647;
			files = (
				3B230EE225CCF8D100485825 /* News.swift in Sources */,
				3B230EA625CCF06500485825 /* ContentView.swift in Sources */,
				3B230EA425CCF06500485825 /* weatherApp.swift in Sources */,
				3B230EE825CCFA1300485825 /* NewsApi.swift in Sources */,
			);
			runOnlyForDeploymentPostprocessing = 0;
		};
		3B230EAD25CCF06700485825 /* Sources */ = {
			isa = PBXSourcesBuildPhase;
			buildActionMask = 2147483647;
			files = (
				3B230EB625CCF06700485825 /* weatherTests.swift in Sources */,
			);
			runOnlyForDeploymentPostprocessing = 0;
		};
		3B230EB825CCF06700485825 /* Sources */ = {
			isa = PBXSourcesBuildPhase;
			buildActionMask = 2147483647;
			files = (
				3B230EC125CCF06700485825 /* weatherUITests.swift in Sources */,
			);
			runOnlyForDeploymentPostprocessing = 0;
		};
/* End PBXSourcesBuildPhase section */

/* Begin PBXTargetDependency section */
		3B230EB325CCF06700485825 /* PBXTargetDependency */ = {
			isa = PBXTargetDependency;
			target = 3B230E9F25CCF06500485825 /* weather */;
			targetProxy = 3B230EB225CCF06700485825 /* PBXContainerItemProxy */;
		};
		3B230EBE25CCF06700485825 /* PBXTargetDependency */ = {
			isa = PBXTargetDependency;
			target = 3B230E9F25CCF06500485825 /* weather */;
			targetProxy = 3B230EBD25CCF06700485825 /* PBXContainerItemProxy */;
		};
/* End PBXTargetDependency section */

/* Begin XCBuildConfiguration section */
		3B230EC325CCF06700485825 /* Debug */ = {
			isa = XCBuildConfiguration;
			buildSettings = {
				ALWAYS_SEARCH_USER_PATHS = NO;
				CLANG_ANALYZER_NONNULL = YES;
				CLANG_ANALYZER_NUMBER_OBJECT_CONVERSION = YES_AGGRESSIVE;
				CLANG_CXX_LANGUAGE_STANDARD = "gnu++14";
				CLANG_CXX_LIBRARY = "libc++";
				CLANG_ENABLE_MODULES = YES;
				CLANG_ENABLE_OBJC_ARC = YES;
				CLANG_ENABLE_OBJC_WEAK = YES;
				CLANG_WARN_BLOCK_CAPTURE_AUTORELEASING = YES;
				CLANG_WARN_BOOL_CONVERSION = YES;
				CLANG_WARN_COMMA = YES;
				CLANG_WARN_CONSTANT_CONVERSION = YES;
				CLANG_WARN_DEPRECATED_OBJC_IMPLEMENTATIONS = YES;
				CLANG_WARN_DIRECT_OBJC_ISA_USAGE = YES_ERROR;
				CLANG_WARN_DOCUMENTATION_COMMENTS = YES;
				CLANG_WARN_EMPTY_BODY = YES;
				CLANG_WARN_ENUM_CONVERSION = YES;
				CLANG_WARN_INFINITE_RECURSION = YES;
				CLANG_WARN_INT_CONVERSION = YES;
				CLANG_WARN_NON_LITERAL_NULL_CONVERSION = YES;
				CLANG_WARN_OBJC_IMPLICIT_RETAIN_SELF = YES;
				CLANG_WARN_OBJC_LITERAL_CONVERSION = YES;
				CLANG_WARN_OBJC_ROOT_CLASS = YES_ERROR;
				CLANG_WARN_QUOTED_INCLUDE_IN_FRAMEWORK_HEADER = YES;
				CLANG_WARN_RANGE_LOOP_ANALYSIS = YES;
				CLANG_WARN_STRICT_PROTOTYPES = YES;
				CLANG_WARN_SUSPICIOUS_MOVE = YES;
				CLANG_WARN_UNGUARDED_AVAILABILITY = YES_AGGRESSIVE;
				CLANG_WARN_UNREACHABLE_CODE = YES;
				CLANG_WARN__DUPLICATE_METHOD_MATCH = YES;
				COPY_PHASE_STRIP = NO;
				DEBUG_INFORMATION_FORMAT = dwarf;
				ENABLE_STRICT_OBJC_MSGSEND = YES;
				ENABLE_TESTABILITY = YES;
				GCC_C_LANGUAGE_STANDARD = gnu11;
				GCC_DYNAMIC_NO_PIC = NO;
				GCC_NO_COMMON_BLOCKS = YES;
				GCC_OPTIMIZATION_LEVEL = 0;
				GCC_PREPROCESSOR_DEFINITIONS = (
					"DEBUG=1",
					"$(inherited)",
				);
				GCC_WARN_64_TO_32_BIT_CONVERSION = YES;
				GCC_WARN_ABOUT_RETURN_TYPE = YES_ERROR;
				GCC_WARN_UNDECLARED_SELECTOR = YES;
				GCC_WARN_UNINITIALIZED_AUTOS = YES_AGGRESSIVE;
				GCC_WARN_UNUSED_FUNCTION = YES;
				GCC_WARN_UNUSED_VARIABLE = YES;
				IPHONEOS_DEPLOYMENT_TARGET = 14.3;
				MTL_ENABLE_DEBUG_INFO = INCLUDE_SOURCE;
				MTL_FAST_MATH = YES;
				ONLY_ACTIVE_ARCH = YES;
				SDKROOT = iphoneos;
				SWIFT_ACTIVE_COMPILATION_CONDITIONS = DEBUG;
				SWIFT_OPTIMIZATION_LEVEL = "-Onone";
			};
			name = Debug;
		};
		3B230EC425CCF06700485825 /* Release */ = {
			isa = XCBuildConfiguration;
			buildSettings = {
				ALWAYS_SEARCH_USER_PATHS = NO;
				CLANG_ANALYZER_NONNULL = YES;
				CLANG_ANALYZER_NUMBER_OBJECT_CONVERSION = YES_AGGRESSIVE;
				CLANG_CXX_LANGUAGE_STANDARD = "gnu++14";
				CLANG_CXX_LIBRARY = "libc++";
				CLANG_ENABLE_MODULES = YES;
				CLANG_ENABLE_OBJC_ARC = YES;
				CLANG_ENABLE_OBJC_WEAK = YES;
				CLANG_WARN_BLOCK_CAPTURE_AUTORELEASING = YES;
				CLANG_WARN_BOOL_CONVERSION = YES;
				CLANG_WARN_COMMA = YES;
				CLANG_WARN_CONSTANT_CONVERSION = YES;
				CLANG_WARN_DEPRECATED_OBJC_IMPLEMENTATIONS = YES;
				CLANG_WARN_DIRECT_OBJC_ISA_USAGE = YES_ERROR;
				CLANG_WARN_DOCUMENTATION_COMMENTS = YES;
				CLANG_WARN_EMPTY_BODY = YES;
				CLANG_WARN_ENUM_CONVERSION = YES;
				CLANG_WARN_INFINITE_RECURSION = YES;
				CLANG_WARN_INT_CONVERSION = YES;
				CLANG_WARN_NON_LITERAL_NULL_CONVERSION = YES;
				CLANG_WARN_OBJC_IMPLICIT_RETAIN_SELF = YES;
				CLANG_WARN_OBJC_LITERAL_CONVERSION = YES;
				CLANG_WARN_OBJC_ROOT_CLASS = YES_ERROR;
				CLANG_WARN_QUOTED_INCLUDE_IN_FRAMEWORK_HEADER = YES;
				CLANG_WARN_RANGE_LOOP_ANALYSIS = YES;
				CLANG_WARN_STRICT_PROTOTYPES = YES;
				CLANG_WARN_SUSPICIOUS_MOVE = YES;
				CLANG_WARN_UNGUARDED_AVAILABILITY = YES_AGGRESSIVE;
				CLANG_WARN_UNREACHABLE_CODE = YES;
				CLANG_WARN__DUPLICATE_METHOD_MATCH = YES;
				COPY_PHASE_STRIP = NO;
				DEBUG_INFORMATION_FORMAT = "dwarf-with-dsym";
				ENABLE_NS_ASSERTIONS = NO;
				ENABLE_STRICT_OBJC_MSGSEND = YES;
				GCC_C_LANGUAGE_STANDARD = gnu11;
				GCC_NO_COMMON_BLOCKS = YES;
				GCC_WARN_64_TO_32_BIT_CONVERSION = YES;
				GCC_WARN_ABOUT_RETURN_TYPE = YES_ERROR;
				GCC_WARN_UNDECLARED_SELECTOR = YES;
				GCC_WARN_UNINITIALIZED_AUTOS = YES_AGGRESSIVE;
				GCC_WARN_UNUSED_FUNCTION = YES;
				GCC_WARN_UNUSED_VARIABLE = YES;
				IPHONEOS_DEPLOYMENT_TARGET = 14.3;
				MTL_ENABLE_DEBUG_INFO = NO;
				MTL_FAST_MATH = YES;
				SDKROOT = iphoneos;
				SWIFT_COMPILATION_MODE = wholemodule;
				SWIFT_OPTIMIZATION_LEVEL = "-O";
				VALIDATE_PRODUCT = YES;
			};
			name = Release;
		};
		3B230EC625CCF06700485825 /* Debug */ = {
			isa = XCBuildConfiguration;
			buildSettings = {
				ASSETCATALOG_COMPILER_APPICON_NAME = AppIcon;
				ASSETCATALOG_COMPILER_GLOBAL_ACCENT_COLOR_NAME = AccentColor;
				CODE_SIGN_STYLE = Automatic;
				DEVELOPMENT_ASSET_PATHS = "\"weather/Preview Content\"";
				ENABLE_PREVIEWS = YES;
				INFOPLIST_FILE = weather/Info.plist;
				IPHONEOS_DEPLOYMENT_TARGET = 14.0;
				LD_RUNPATH_SEARCH_PATHS = (
					"$(inherited)",
					"@executable_path/Frameworks",
				);
				PRODUCT_BUNDLE_IDENTIFIER = "RPL-A.weather";
				PRODUCT_NAME = "$(TARGET_NAME)";
				SWIFT_VERSION = 5.0;
				TARGETED_DEVICE_FAMILY = "1,2";
			};
			name = Debug;
		};
		3B230EC725CCF06700485825 /* Release */ = {
			isa = XCBuildConfiguration;
			buildSettings = {
				ASSETCATALOG_COMPILER_APPICON_NAME = AppIcon;
				ASSETCATALOG_COMPILER_GLOBAL_ACCENT_COLOR_NAME = AccentColor;
				CODE_SIGN_STYLE = Automatic;
				DEVELOPMENT_ASSET_PATHS = "\"weather/Preview Content\"";
				ENABLE_PREVIEWS = YES;
				INFOPLIST_FILE = weather/Info.plist;
				IPHONEOS_DEPLOYMENT_TARGET = 14.0;
				LD_RUNPATH_SEARCH_PATHS = (
					"$(inherited)",
					"@executable_path/Frameworks",
				);
				PRODUCT_BUNDLE_IDENTIFIER = "RPL-A.weather";
				PRODUCT_NAME = "$(TARGET_NAME)";
				SWIFT_VERSION = 5.0;
				TARGETED_DEVICE_FAMILY = "1,2";
			};
			name = Release;
		};
		3B230EC925CCF06700485825 /* Debug */ = {
			isa = XCBuildConfiguration;
			buildSettings = {
				ALWAYS_EMBED_SWIFT_STANDARD_LIBRARIES = YES;
				BUNDLE_LOADER = "$(TEST_HOST)";
				CODE_SIGN_STYLE = Automatic;
				INFOPLIST_FILE = weatherTests/Info.plist;
				IPHONEOS_DEPLOYMENT_TARGET = 14.0;
				LD_RUNPATH_SEARCH_PATHS = (
					"$(inherited)",
					"@executable_path/Frameworks",
					"@loader_path/Frameworks",
				);
				PRODUCT_BUNDLE_IDENTIFIER = "RPL-A.weatherTests";
				PRODUCT_NAME = "$(TARGET_NAME)";
				SWIFT_VERSION = 5.0;
				TARGETED_DEVICE_FAMILY = "1,2";
				TEST_HOST = "$(BUILT_PRODUCTS_DIR)/weather.app/weather";
			};
			name = Debug;
		};
		3B230ECA25CCF06700485825 /* Release */ = {
			isa = XCBuildConfiguration;
			buildSettings = {
				ALWAYS_EMBED_SWIFT_STANDARD_LIBRARIES = YES;
				BUNDLE_LOADER = "$(TEST_HOST)";
				CODE_SIGN_STYLE = Automatic;
				INFOPLIST_FILE = weatherTests/Info.plist;
				IPHONEOS_DEPLOYMENT_TARGET = 14.0;
				LD_RUNPATH_SEARCH_PATHS = (
					"$(inherited)",
					"@executable_path/Frameworks",
					"@loader_path/Frameworks",
				);
				PRODUCT_BUNDLE_IDENTIFIER = "RPL-A.weatherTests";
				PRODUCT_NAME = "$(TARGET_NAME)";
				SWIFT_VERSION = 5.0;
				TARGETED_DEVICE_FAMILY = "1,2";
				TEST_HOST = "$(BUILT_PRODUCTS_DIR)/weather.app/weather";
			};
			name = Release;
		};
		3B230ECC25CCF06700485825 /* Debug */ = {
			isa = XCBuildConfiguration;
			buildSettings = {
				ALWAYS_EMBED_SWIFT_STANDARD_LIBRARIES = YES;
				CODE_SIGN_STYLE = Automatic;
				INFOPLIST_FILE = weatherUITests/Info.plist;
				LD_RUNPATH_SEARCH_PATHS = (
					"$(inherited)",
					"@executable_path/Frameworks",
					"@loader_path/Frameworks",
				);
				PRODUCT_BUNDLE_IDENTIFIER = "RPL-A.weatherUITests";
				PRODUCT_NAME = "$(TARGET_NAME)";
				SWIFT_VERSION = 5.0;
				TARGETED_DEVICE_FAMILY = "1,2";
				TEST_TARGET_NAME = weather;
			};
			name = Debug;
		};
		3B230ECD25CCF06700485825 /* Release */ = {
			isa = XCBuildConfiguration;
			buildSettings = {
				ALWAYS_EMBED_SWIFT_STANDARD_LIBRARIES = YES;
				CODE_SIGN_STYLE = Automatic;
				INFOPLIST_FILE = weatherUITests/Info.plist;
				LD_RUNPATH_SEARCH_PATHS = (
					"$(inherited)",
					"@executable_path/Frameworks",
					"@loader_path/Frameworks",
				);
				PRODUCT_BUNDLE_IDENTIFIER = "RPL-A.weatherUITests";
				PRODUCT_NAME = "$(TARGET_NAME)";
				SWIFT_VERSION = 5.0;
				TARGETED_DEVICE_FAMILY = "1,2";
				TEST_TARGET_NAME = weather;
			};
			name = Release;
		};
/* End XCBuildConfiguration section */

/* Begin XCConfigurationList section */
		3B230E9B25CCF06500485825 /* Build configuration list for PBXProject "weather" */ = {
			isa = XCConfigurationList;
			buildConfigurations = (
				3B230EC325CCF06700485825 /* Debug */,
				3B230EC425CCF06700485825 /* Release */,
			);
			defaultConfigurationIsVisible = 0;
			defaultConfigurationName = Release;
		};
		3B230EC525CCF06700485825 /* Build configuration list for PBXNativeTarget "weather" */ = {
			isa = XCConfigurationList;
			buildConfigurations = (
				3B230EC625CCF06700485825 /* Debug */,
				3B230EC725CCF06700485825 /* Release */,
			);
			defaultConfigurationIsVisible = 0;
			defaultConfigurationName = Release;
		};
		3B230EC825CCF06700485825 /* Build configuration list for PBXNativeTarget "weatherTests" */ = {
			isa = XCConfigurationList;
			buildConfigurations = (
				3B230EC925CCF06700485825 /* Debug */,
				3B230ECA25CCF06700485825 /* Release */,
			);
			defaultConfigurationIsVisible = 0;
			defaultConfigurationName = Release;
		};
		3B230ECB25CCF06700485825 /* Build configuration list for PBXNativeTarget "weatherUITests" */ = {
			isa = XCConfigurationList;
			buildConfigurations = (
				3B230ECC25CCF06700485825 /* Debug */,
				3B230ECD25CCF06700485825 /* Release */,
			);
			defaultConfigurationIsVisible = 0;
			defaultConfigurationName = Release;
		};
/* End XCConfigurationList section */

/* Begin XCRemoteSwiftPackageReference section */
		3B230ED125CCF61700485825 /* XCRemoteSwiftPackageReference "SwiftyJSON" */ = {
			isa = XCRemoteSwiftPackageReference;
			repositoryURL = "https://github.com/SwiftyJSON/SwiftyJSON.git";
			requirement = {
				kind = upToNextMajorVersion;
				minimumVersion = 5.0.0;
			};
		};
		3B230ED725CCF88000485825 /* XCRemoteSwiftPackageReference "SDWebImageSwiftUI" */ = {
			isa = XCRemoteSwiftPackageReference;
			repositoryURL = "https://github.com/SDWebImage/SDWebImageSwiftUI.git";
			requirement = {
				kind = upToNextMajorVersion;
				minimumVersion = 1.5.0;
			};
		};
/* End XCRemoteSwiftPackageReference section */

/* Begin XCSwiftPackageProductDependency section */
		3B230ED225CCF61700485825 /* SwiftyJSON */ = {
			isa = XCSwiftPackageProductDependency;
			package = 3B230ED125CCF61700485825 /* XCRemoteSwiftPackageReference "SwiftyJSON" */;
			productName = SwiftyJSON;
		};
		3B230ED825CCF88000485825 /* SDWebImageSwiftUI */ = {
			isa = XCSwiftPackageProductDependency;
			package = 3B230ED725CCF88000485825 /* XCRemoteSwiftPackageReference "SDWebImageSwiftUI" */;
			productName = SDWebImageSwiftUI;
		};
/* End XCSwiftPackageProductDependency section */
	};
	rootObject = 3B230E9825CCF06500485825 /* Project object */;
}
